%{"base64url": {:hex, :base64url, "0.0.1", "36a90125f5948e3afd7be97662a1504b934dd5dac78451ca6e9abf85a10286be", [:rebar], []},
  "bbmustache": {:hex, :bbmustache, "1.0.3", "0fa96a57e0c7b53a5429d6d0be2c56699210dee97e63bc1c956726d99e7ea533", [:rebar], []},
  "brod": {:hex, :brod, "2.1.4", "a874ed885b1dafdceda4d5b58ea69d71f5894eb19bfa6fef7ba9cf37c054f0a2", [:make, :rebar3], [{:supervisor3, "1.1.1", [hex: :supervisor3, optional: false]}, {:kafka_protocol, "0.3.2", [hex: :kafka_protocol, optional: false]}]},
  "conform": {:hex, :conform, "0.17.0", "e3610a337b7c44beb829f176cbb0795f78fe53a0183a524a04e0ebe0f76f9113", [:mix], [{:neotoma, "~> 1.7.3", [hex: :neotoma, optional: false]}]},
  "cowboy": {:hex, :cowboy, "1.0.4", "a324a8df9f2316c833a470d918aaf73ae894278b8aa6226ce7a9bf699388f878", [:rebar, :make], [{:cowlib, "~> 1.0.0", [hex: :cowlib, optional: false]}, {:ranch, "~> 1.0", [hex: :ranch, optional: false]}]},
  "cowlib": {:hex, :cowlib, "1.0.2", "9d769a1d062c9c3ac753096f868ca121e2730b9a377de23dec0f7e08b1df84ee", [:make], []},
  "erlware_commons": {:hex, :erlware_commons, "0.15.0", "99a7aa84b5fdf423c0f2c7907a8443288f991b676cf22abac6f9b5a526ccc189", [:rebar], []},
  "erlzk": {:hex, :erlzk, "0.6.2", "0b765037c8f59155ee3ff210f18c0d0bc410c2a58eebc0ecc70a691c66caf061", [:rebar, :make], []},
  "exrm": {:hex, :exrm, "0.19.9", "ff7b49bb7db816ca6e4616f1f81251f31b46f9cb72f306da52a77a5bbf88c03a", [:mix], [{:relx, "~> 3.5.0", [hex: :relx, optional: false]}, {:conform, "~> 0.17", [hex: :conform, optional: false]}]},
  "fs": {:hex, :fs, "0.9.2", "ed17036c26c3f70ac49781ed9220a50c36775c6ca2cf8182d123b6566e49ec59", [:rebar], []},
  "getopt": {:hex, :getopt, "0.8.2", "b17556db683000ba50370b16c0619df1337e7af7ecbf7d64fbf8d1d6bce3109b", [:rebar], []},
  "gettext": {:hex, :gettext, "0.11.0", "80c1dd42d270482418fa158ec5ba073d2980e3718bacad86f3d4ad71d5667679", [:mix], []},
  "guardian": {:hex, :guardian, "0.12.0", "ab1f0a1ab0cd8f4f9c8cca6e28d61136ca682684cf0f82e55a50e8061be7575a", [:mix], [{:uuid, ">=1.1.1", [hex: :uuid, optional: false]}, {:poison, ">= 1.3.0", [hex: :poison, optional: false]}, {:plug, "~> 1.0", [hex: :plug, optional: false]}, {:jose, "~> 1.6", [hex: :jose, optional: false]}]},
  "jose": {:hex, :jose, "1.7.5", "f19f890f7aaa1261230af691e2f1e0fc60bf44bce7d34c86022d0efa8875628a", [:mix, :rebar], [{:base64url, "~> 0.0.1", [hex: :base64url, optional: false]}]},
  "kafka_protocol": {:hex, :kafka_protocol, "0.3.2", "36ec836b0c7bb2100985c6807da345145241e3e7a36bd3697ece7b1011bafcaf", [:make, :rebar3], []},
  "neotoma": {:hex, :neotoma, "1.7.3", "d8bd5404b73273989946e4f4f6d529e5c2088f5fa1ca790b4dbe81f4be408e61", [:rebar], []},
  "phoenix": {:hex, :phoenix, "1.1.6", "7bf19002669c8f692f5a9c8d30dab7b49f3dc56228d5bde92a12fb426b4783c2", [:mix], [{:poison, "~> 1.5 or ~> 2.0", [hex: :poison, optional: false]}, {:plug, "~> 1.0", [hex: :plug, optional: false]}, {:cowboy, "~> 1.0", [hex: :cowboy, optional: true]}]},
  "phoenix_live_reload": {:hex, :phoenix_live_reload, "1.0.5", "829218c4152ba1e9848e2bf8e161fcde6b4ec679a516259442561d21fde68d0b", [:mix], [{:phoenix, "~> 1.0 or ~> 1.2-rc", [hex: :phoenix, optional: false]}, {:fs, "~> 0.9.1", [hex: :fs, optional: false]}]},
  "plug": {:hex, :plug, "1.1.6", "8927e4028433fcb859e000b9389ee9c37c80eb28378eeeea31b0273350bf668b", [:mix], [{:cowboy, "~> 1.0", [hex: :cowboy, optional: true]}]},
  "poison": {:hex, :poison, "2.1.0", "f583218ced822675e484648fa26c933d621373f01c6c76bd00005d7bd4b82e27", [:mix], []},
  "providers": {:hex, :providers, "1.4.1", "e74176b29d4771544410af5022fe1306b100d0f57c9e0f3656bcff5962f87cd2", [:rebar], [{:getopt, "0.8.2", [hex: :getopt, optional: false]}]},
  "ranch": {:hex, :ranch, "1.2.1", "a6fb992c10f2187b46ffd17ce398ddf8a54f691b81768f9ef5f461ea7e28c762", [:make], []},
  "relx": {:hex, :relx, "3.5.0", "4f7461b8de9c000fd2fcc2f805b4454f50b6fb96339c506e26dc12f5a77c090f", [:rebar], [{:providers, "1.4.1", [hex: :providers, optional: false]}, {:getopt, "0.8.2", [hex: :getopt, optional: false]}, {:erlware_commons, "0.15.0", [hex: :erlware_commons, optional: false]}, {:bbmustache, "1.0.3", [hex: :bbmustache, optional: false]}]},
  "supervisor3": {:hex, :supervisor3, "1.1.1", "b2b419e09f90a6346a71df4376bb6b33ad839503944ebb9db66fe7c4ef3cae3b", [:make, :rebar3], []},
  "uuid": {:hex, :uuid, "1.1.4", "36c7734e4c8e357f2f67ba57fb61799d60c20a7f817b104896cca64b857e3686", [:mix], []}}
